
Microsoft Visual Studio Solution File, Format Version 12.00
# Visual Studio Version 17
VisualStudioVersion = 17.10.35013.160
MinimumVisualStudioVersion = 10.0.40219.1
Project("{8BC9CEB8-8B4A-11D0-8D11-00A0C91BC942}") = "Number_of_Segments_in_a_String", "Number_of_Segments_in_a_String\Number_of_Segments_in_a_String.vcxproj", "{05A8A216-20C1-46D3-AB88-F3B82ACEEE74}"
EndProject
Global
	GlobalSection(SolutionConfigurationPlatforms) = preSolution
		Debug|x64 = Debug|x64
		Debug|x86 = Debug|x86
		Release|x64 = Release|x64
		Release|x86 = Release|x86
	EndGlobalSection
	GlobalSection(ProjectConfigurationPlatforms) = postSolution
		{05A8A216-20C1-46D3-AB88-F3B82ACEEE74}.Debug|x64.ActiveCfg = Debug|x64
		{05A8A216-20C1-46D3-AB88-F3B82ACEEE74}.Debug|x64.Build.0 = Debug|x64
		{05A8A216-20C1-46D3-AB88-F3B82ACEEE74}.Debug|x86.ActiveCfg = Debug|Win32
		{05A8A216-20C1-46D3-AB88-F3B82ACEEE74}.Debug|x86.Build.0 = Debug|Win32
		{05A8A216-20C1-46D3-AB88-F3B82ACEEE74}.Release|x64.ActiveCfg = Release|x64
		{05A8A216-20C1-46D3-AB88-F3B82ACEEE74}.Release|x64.Build.0 = Release|x64
		{05A8A216-20C1-46D3-AB88-F3B82ACEEE74}.Release|x86.ActiveCfg = Release|Win32
		{05A8A216-20C1-46D3-AB88-F3B82ACEEE74}.Release|x86.Build.0 = Release|Win32
	EndGlobalSection
	GlobalSection(SolutionProperties) = preSolution
		HideSolutionNode = FALSE
	EndGlobalSection
	GlobalSection(ExtensibilityGlobals) = postSolution
		SolutionGuid = {855A9FC6-846F-4EA2-927C-793002457EC3}
	EndGlobalSection
EndGlobal
